Microsoft Visual Studio Solution File, Format Version 12.00
# Visual Studio Version 17
VisualStudioVersion = 17.5.2.0
MinimumVisualStudioVersion = 10.0.40219.1
Project("{2150E333-8FDC-42A3-9474-1A3956D46DE8}") = "src", "src", "{827E0CD3-B72D-47B6-A68D-7590B98EB39B}"
EndProject
Project("{2150E333-8FDC-42A3-9474-1A3956D46DE8}") = "App", "App", "{547E75E0-49BC-27F6-65D6-DF25CFFB661A}"
EndProject
Project("{FAE04EC0-301F-11D3-BF4B-00C04F79EFBC}") = "WellMind", "src\App\WellMind.csproj", "{EB86A13D-407C-E635-B5C0-F3324DBAF789}"
EndProject
Global
	GlobalSection(SolutionConfigurationPlatforms) = preSolution
		Debug|Any CPU = Debug|Any CPU
		Release|Any CPU = Release|Any CPU
	EndGlobalSection
	GlobalSection(ProjectConfigurationPlatforms) = postSolution
		{EB86A13D-407C-E635-B5C0-F3324DBAF789}.Debug|Any CPU.ActiveCfg = Debug|Any CPU
		{EB86A13D-407C-E635-B5C0-F3324DBAF789}.Debug|Any CPU.Build.0 = Debug|Any CPU
		{EB86A13D-407C-E635-B5C0-F3324DBAF789}.Release|Any CPU.ActiveCfg = Release|Any CPU
		{EB86A13D-407C-E635-B5C0-F3324DBAF789}.Release|Any CPU.Build.0 = Release|Any CPU
	EndGlobalSection
	GlobalSection(SolutionProperties) = preSolution
		HideSolutionNode = FALSE
	EndGlobalSection
	GlobalSection(NestedProjects) = preSolution
		{547E75E0-49BC-27F6-65D6-DF25CFFB661A} = {827E0CD3-B72D-47B6-A68D-7590B98EB39B}
		{EB86A13D-407C-E635-B5C0-F3324DBAF789} = {547E75E0-49BC-27F6-65D6-DF25CFFB661A}
	EndGlobalSection
	GlobalSection(ExtensibilityGlobals) = postSolution
		SolutionGuid = {169FBCD0-E02E-416C-A698-95BEAC95561C}
	EndGlobalSection
EndGlobal
